
Microsoft Visual Studio Solution File, Format Version 12.00
# Visual Studio Version 17
VisualStudioVersion = 17.9.34622.214
MinimumVisualStudioVersion = 10.0.40219.1
Project("{9A19103F-16F7-4668-BE54-9A1E7A4F7556}") = "Polynic", "PH_PIDTL\Polynic.csproj", "{A87011EE-81A6-4650-A4BC-E0A45023D895}"
EndProject
Project("{9A19103F-16F7-4668-BE54-9A1E7A4F7556}") = "WebApp", "WebApp\WebApp.csproj", "{6063351F-B7E5-4B4B-8B32-8A5339E7DB9F}"
	ProjectSection(ProjectDependencies) = postProject
		{A87011EE-81A6-4650-A4BC-E0A45023D895} = {A87011EE-81A6-4650-A4BC-E0A45023D895}
	EndProjectSection
EndProject
Project("{9A19103F-16F7-4668-BE54-9A1E7A4F7556}") = "WebServer", "WebServer\WebServer.csproj", "{9D9CDF54-825A-468C-ACE8-D0CCC0B1BC0C}"
	ProjectSection(ProjectDependencies) = postProject
		{A87011EE-81A6-4650-A4BC-E0A45023D895} = {A87011EE-81A6-4650-A4BC-E0A45023D895}
	EndProjectSection
EndProject
Project("{FAE04EC0-301F-11D3-BF4B-00C04F79EFBC}") = "SHARED", "SHARED\SHARED.csproj", "{5139D5BF-5BD1-4814-9B8A-828750C30EF7}"
EndProject
Global
	GlobalSection(SolutionConfigurationPlatforms) = preSolution
		Debug|Any CPU = Debug|Any CPU
		Release|Any CPU = Release|Any CPU
	EndGlobalSection
	GlobalSection(ProjectConfigurationPlatforms) = postSolution
		{A87011EE-81A6-4650-A4BC-E0A45023D895}.Debug|Any CPU.ActiveCfg = Debug|Any CPU
		{A87011EE-81A6-4650-A4BC-E0A45023D895}.Debug|Any CPU.Build.0 = Debug|Any CPU
		{A87011EE-81A6-4650-A4BC-E0A45023D895}.Release|Any CPU.ActiveCfg = Release|Any CPU
		{A87011EE-81A6-4650-A4BC-E0A45023D895}.Release|Any CPU.Build.0 = Release|Any CPU
		{6063351F-B7E5-4B4B-8B32-8A5339E7DB9F}.Debug|Any CPU.ActiveCfg = Debug|Any CPU
		{6063351F-B7E5-4B4B-8B32-8A5339E7DB9F}.Debug|Any CPU.Build.0 = Debug|Any CPU
		{6063351F-B7E5-4B4B-8B32-8A5339E7DB9F}.Release|Any CPU.ActiveCfg = Release|Any CPU
		{6063351F-B7E5-4B4B-8B32-8A5339E7DB9F}.Release|Any CPU.Build.0 = Release|Any CPU
		{9D9CDF54-825A-468C-ACE8-D0CCC0B1BC0C}.Debug|Any CPU.ActiveCfg = Debug|Any CPU
		{9D9CDF54-825A-468C-ACE8-D0CCC0B1BC0C}.Debug|Any CPU.Build.0 = Debug|Any CPU
		{9D9CDF54-825A-468C-ACE8-D0CCC0B1BC0C}.Release|Any CPU.ActiveCfg = Release|Any CPU
		{9D9CDF54-825A-468C-ACE8-D0CCC0B1BC0C}.Release|Any CPU.Build.0 = Release|Any CPU
		{5139D5BF-5BD1-4814-9B8A-828750C30EF7}.Debug|Any CPU.ActiveCfg = Debug|Any CPU
		{5139D5BF-5BD1-4814-9B8A-828750C30EF7}.Debug|Any CPU.Build.0 = Debug|Any CPU
		{5139D5BF-5BD1-4814-9B8A-828750C30EF7}.Release|Any CPU.ActiveCfg = Release|Any CPU
		{5139D5BF-5BD1-4814-9B8A-828750C30EF7}.Release|Any CPU.Build.0 = Release|Any CPU
	EndGlobalSection
	GlobalSection(SolutionProperties) = preSolution
		HideSolutionNode = FALSE
	EndGlobalSection
	GlobalSection(ExtensibilityGlobals) = postSolution
		SolutionGuid = {A4CDB1AA-9042-411F-8BEB-C18D88339318}
	EndGlobalSection
EndGlobal
